
Microsoft Visual Studio Solution File, Format Version 12.00
# Visual Studio Version 17
VisualStudioVersion = 17.5.33516.290
MinimumVisualStudioVersion = 10.0.40219.1
Project("{FAE04EC0-301F-11D3-BF4B-00C04F79EFBC}") = "Stekie", "Stekie\Stekie.csproj", "{81B0FF2B-D636-47BB-AB7C-9B7C2A78ABE1}"
EndProject
Global
	GlobalSection(SolutionConfigurationPlatforms) = preSolution
		Debug|Any CPU = Debug|Any CPU
		Release|Any CPU = Release|Any CPU
	EndGlobalSection
	GlobalSection(ProjectConfigurationPlatforms) = postSolution
		{81B0FF2B-D636-47BB-AB7C-9B7C2A78ABE1}.Debug|Any CPU.ActiveCfg = Debug|Any CPU
		{81B0FF2B-D636-47BB-AB7C-9B7C2A78ABE1}.Debug|Any CPU.Build.0 = Debug|Any CPU
		{81B0FF2B-D636-47BB-AB7C-9B7C2A78ABE1}.Release|Any CPU.ActiveCfg = Release|Any CPU
		{81B0FF2B-D636-47BB-AB7C-9B7C2A78ABE1}.Release|Any CPU.Build.0 = Release|Any CPU
	EndGlobalSection
	GlobalSection(SolutionProperties) = preSolution
		HideSolutionNode = FALSE
	EndGlobalSection
	GlobalSection(ExtensibilityGlobals) = postSolution
		SolutionGuid = {6C591D51-477A-4407-907D-EC10D4EE6DB5}
	EndGlobalSection
EndGlobal
